
Microsoft Visual Studio Solution File, Format Version 12.00
# Visual Studio Version 17
VisualStudioVersion = 17.9.34526.213
MinimumVisualStudioVersion = 10.0.40219.1
Project("{9A19103F-16F7-4668-BE54-9A1E7A4F7556}") = "ManagedDriver", "ManagedDriver\ManagedDriver.csproj", "{8518999E-5387-4037-9A8E-091189FEE03F}"
EndProject
Project("{9A19103F-16F7-4668-BE54-9A1E7A4F7556}") = "ManagedUnitTests", "ManagedUnitTests\ManagedUnitTests.csproj", "{2AEC1897-DA84-47B9-B6FF-7EBA0BD8AB28}"
EndProject
Project("{8BC9CEB8-8B4A-11D0-8D11-00A0C91BC942}") = "NativeDriver", "NativeDriver\NativeDriver.vcxproj", "{12949EA9-DB33-4212-A32B-99AED6B6E0A9}"
EndProject
Project("{8BC9CEB8-8B4A-11D0-8D11-00A0C91BC942}") = "libpocketfft", "libpocketfft\libpocketfft.vcxproj", "{09829D02-639B-4E5A-BA93-F532F373EC10}"
EndProject
Project("{9A19103F-16F7-4668-BE54-9A1E7A4F7556}") = "PocketFFT", "PocketFFT\PocketFFT.csproj", "{919EE23F-65D1-413C-9A30-475142C2210F}"
EndProject
Global
	GlobalSection(SolutionConfigurationPlatforms) = preSolution
		Debug|Any CPU = Debug|Any CPU
		Debug|x64 = Debug|x64
		Debug|x86 = Debug|x86
		Release|Any CPU = Release|Any CPU
		Release|x64 = Release|x64
		Release|x86 = Release|x86
	EndGlobalSection
	GlobalSection(ProjectConfigurationPlatforms) = postSolution
		{8518999E-5387-4037-9A8E-091189FEE03F}.Debug|Any CPU.ActiveCfg = Debug|Any CPU
		{8518999E-5387-4037-9A8E-091189FEE03F}.Debug|Any CPU.Build.0 = Debug|Any CPU
		{8518999E-5387-4037-9A8E-091189FEE03F}.Debug|x64.ActiveCfg = Debug|Any CPU
		{8518999E-5387-4037-9A8E-091189FEE03F}.Debug|x64.Build.0 = Debug|Any CPU
		{8518999E-5387-4037-9A8E-091189FEE03F}.Debug|x86.ActiveCfg = Debug|Any CPU
		{8518999E-5387-4037-9A8E-091189FEE03F}.Debug|x86.Build.0 = Debug|Any CPU
		{8518999E-5387-4037-9A8E-091189FEE03F}.Release|Any CPU.ActiveCfg = Release|Any CPU
		{8518999E-5387-4037-9A8E-091189FEE03F}.Release|Any CPU.Build.0 = Release|Any CPU
		{8518999E-5387-4037-9A8E-091189FEE03F}.Release|x64.ActiveCfg = Release|Any CPU
		{8518999E-5387-4037-9A8E-091189FEE03F}.Release|x64.Build.0 = Release|Any CPU
		{8518999E-5387-4037-9A8E-091189FEE03F}.Release|x86.ActiveCfg = Release|Any CPU
		{8518999E-5387-4037-9A8E-091189FEE03F}.Release|x86.Build.0 = Release|Any CPU
		{2AEC1897-DA84-47B9-B6FF-7EBA0BD8AB28}.Debug|Any CPU.ActiveCfg = Debug|Any CPU
		{2AEC1897-DA84-47B9-B6FF-7EBA0BD8AB28}.Debug|Any CPU.Build.0 = Debug|Any CPU
		{2AEC1897-DA84-47B9-B6FF-7EBA0BD8AB28}.Debug|x64.ActiveCfg = Debug|Any CPU
		{2AEC1897-DA84-47B9-B6FF-7EBA0BD8AB28}.Debug|x64.Build.0 = Debug|Any CPU
		{2AEC1897-DA84-47B9-B6FF-7EBA0BD8AB28}.Debug|x86.ActiveCfg = Debug|Any CPU
		{2AEC1897-DA84-47B9-B6FF-7EBA0BD8AB28}.Debug|x86.Build.0 = Debug|Any CPU
		{2AEC1897-DA84-47B9-B6FF-7EBA0BD8AB28}.Release|Any CPU.ActiveCfg = Release|Any CPU
		{2AEC1897-DA84-47B9-B6FF-7EBA0BD8AB28}.Release|Any CPU.Build.0 = Release|Any CPU
		{2AEC1897-DA84-47B9-B6FF-7EBA0BD8AB28}.Release|x64.ActiveCfg = Release|Any CPU
		{2AEC1897-DA84-47B9-B6FF-7EBA0BD8AB28}.Release|x64.Build.0 = Release|Any CPU
		{2AEC1897-DA84-47B9-B6FF-7EBA0BD8AB28}.Release|x86.ActiveCfg = Release|Any CPU
		{2AEC1897-DA84-47B9-B6FF-7EBA0BD8AB28}.Release|x86.Build.0 = Release|Any CPU
		{12949EA9-DB33-4212-A32B-99AED6B6E0A9}.Debug|Any CPU.ActiveCfg = Debug|x64
		{12949EA9-DB33-4212-A32B-99AED6B6E0A9}.Debug|Any CPU.Build.0 = Debug|x64
		{12949EA9-DB33-4212-A32B-99AED6B6E0A9}.Debug|x64.ActiveCfg = Debug|x64
		{12949EA9-DB33-4212-A32B-99AED6B6E0A9}.Debug|x64.Build.0 = Debug|x64
		{12949EA9-DB33-4212-A32B-99AED6B6E0A9}.Debug|x86.ActiveCfg = Debug|Win32
		{12949EA9-DB33-4212-A32B-99AED6B6E0A9}.Debug|x86.Build.0 = Debug|Win32
		{12949EA9-DB33-4212-A32B-99AED6B6E0A9}.Release|Any CPU.ActiveCfg = Release|x64
		{12949EA9-DB33-4212-A32B-99AED6B6E0A9}.Release|Any CPU.Build.0 = Release|x64
		{12949EA9-DB33-4212-A32B-99AED6B6E0A9}.Release|x64.ActiveCfg = Release|x64
		{12949EA9-DB33-4212-A32B-99AED6B6E0A9}.Release|x64.Build.0 = Release|x64
		{12949EA9-DB33-4212-A32B-99AED6B6E0A9}.Release|x86.ActiveCfg = Release|Win32
		{12949EA9-DB33-4212-A32B-99AED6B6E0A9}.Release|x86.Build.0 = Release|Win32
		{09829D02-639B-4E5A-BA93-F532F373EC10}.Debug|Any CPU.ActiveCfg = Debug|x64
		{09829D02-639B-4E5A-BA93-F532F373EC10}.Debug|Any CPU.Build.0 = Debug|x64
		{09829D02-639B-4E5A-BA93-F532F373EC10}.Debug|x64.ActiveCfg = Debug|x64
		{09829D02-639B-4E5A-BA93-F532F373EC10}.Debug|x64.Build.0 = Debug|x64
		{09829D02-639B-4E5A-BA93-F532F373EC10}.Debug|x86.ActiveCfg = Debug|Win32
		{09829D02-639B-4E5A-BA93-F532F373EC10}.Debug|x86.Build.0 = Debug|Win32
		{09829D02-639B-4E5A-BA93-F532F373EC10}.Release|Any CPU.ActiveCfg = Release|x64
		{09829D02-639B-4E5A-BA93-F532F373EC10}.Release|Any CPU.Build.0 = Release|x64
		{09829D02-639B-4E5A-BA93-F532F373EC10}.Release|x64.ActiveCfg = Release|x64
		{09829D02-639B-4E5A-BA93-F532F373EC10}.Release|x64.Build.0 = Release|x64
		{09829D02-639B-4E5A-BA93-F532F373EC10}.Release|x86.ActiveCfg = Release|Win32
		{09829D02-639B-4E5A-BA93-F532F373EC10}.Release|x86.Build.0 = Release|Win32
		{919EE23F-65D1-413C-9A30-475142C2210F}.Debug|Any CPU.ActiveCfg = Debug|Any CPU
		{919EE23F-65D1-413C-9A30-475142C2210F}.Debug|Any CPU.Build.0 = Debug|Any CPU
		{919EE23F-65D1-413C-9A30-475142C2210F}.Debug|x64.ActiveCfg = Debug|Any CPU
		{919EE23F-65D1-413C-9A30-475142C2210F}.Debug|x64.Build.0 = Debug|Any CPU
		{919EE23F-65D1-413C-9A30-475142C2210F}.Debug|x86.ActiveCfg = Debug|Any CPU
		{919EE23F-65D1-413C-9A30-475142C2210F}.Debug|x86.Build.0 = Debug|Any CPU
		{919EE23F-65D1-413C-9A30-475142C2210F}.Release|Any CPU.ActiveCfg = Release|Any CPU
		{919EE23F-65D1-413C-9A30-475142C2210F}.Release|Any CPU.Build.0 = Release|Any CPU
		{919EE23F-65D1-413C-9A30-475142C2210F}.Release|x64.ActiveCfg = Release|Any CPU
		{919EE23F-65D1-413C-9A30-475142C2210F}.Release|x64.Build.0 = Release|Any CPU
		{919EE23F-65D1-413C-9A30-475142C2210F}.Release|x86.ActiveCfg = Release|Any CPU
		{919EE23F-65D1-413C-9A30-475142C2210F}.Release|x86.Build.0 = Release|Any CPU
	EndGlobalSection
	GlobalSection(SolutionProperties) = preSolution
		HideSolutionNode = FALSE
	EndGlobalSection
	GlobalSection(ExtensibilityGlobals) = postSolution
		SolutionGuid = {2D3DCADF-1C52-467F-A8CD-B7EF96D729EC}
	EndGlobalSection
EndGlobal
